// !$*UTF8*$!
{
	archiveVersion = 1;
	classes = {
	};
	objectVersion = 56;
	objects = {

/* Begin PBXBuildFile section */
		288742802AC8ACC500E780BF /* LWWElementSet_DemoApp.swift in Sources */ = {isa = PBXBuildFile; fileRef = 2887427F2AC8ACC500E780BF /* LWWElementSet_DemoApp.swift */; };
		288742822AC8ACC500E780BF /* ContentView.swift in Sources */ = {isa = PBXBuildFile; fileRef = 288742812AC8ACC500E780BF /* ContentView.swift */; };
		288742842AC8ACC700E780BF /* Assets.xcassets in Resources */ = {isa = PBXBuildFile; fileRef = 288742832AC8ACC700E780BF /* Assets.xcassets */; };
		288742872AC8ACC700E780BF /* Preview Assets.xcassets in Resources */ = {isa = PBXBuildFile; fileRef = 288742862AC8ACC700E780BF /* Preview Assets.xcassets */; };
		288742912AC8ACC700E780BF /* LWWElementSet_DemoTests.swift in Sources */ = {isa = PBXBuildFile; fileRef = 288742902AC8ACC700E780BF /* LWWElementSet_DemoTests.swift */; };
		288742AA2AC8AD0B00E780BF /* LWWElementSet.swift in Sources */ = {isa = PBXBuildFile; fileRef = 288742A92AC8AD0B00E780BF /* LWWElementSet.swift */; };
		288742AC2AC8AD8D00E780BF /* Timestamp.swift in Sources */ = {isa = PBXBuildFile; fileRef = 288742AB2AC8AD8D00E780BF /* Timestamp.swift */; };
/* End PBXBuildFile section */

/* Begin PBXContainerItemProxy section */
		2887428D2AC8ACC700E780BF /* PBXContainerItemProxy */ = {
			isa = PBXContainerItemProxy;
			containerPortal = 288742742AC8ACC500E780BF /* Project object */;
			proxyType = 1;
			remoteGlobalIDString = 2887427B2AC8ACC500E780BF;
			remoteInfo = LWWElementSet_Demo;
		};
/* End PBXContainerItemProxy section */

/* Begin PBXFileReference section */
		2887427C2AC8ACC500E780BF /* LWWElementSet_Demo.app */ = {isa = PBXFileReference; explicitFileType = wrapper.application; includeInIndex = 0; path = LWWElementSet_Demo.app; sourceTree = BUILT_PRODUCTS_DIR; };
		2887427F2AC8ACC500E780BF /* LWWElementSet_DemoApp.swift */ = {isa = PBXFileReference; lastKnownFileType = sourcecode.swift; path = LWWElementSet_DemoApp.swift; sourceTree = "<group>"; };
		288742812AC8ACC500E780BF /* ContentView.swift */ = {isa = PBXFileReference; lastKnownFileType = sourcecode.swift; path = ContentView.swift; sourceTree = "<group>"; };
		288742832AC8ACC700E780BF /* Assets.xcassets */ = {isa = PBXFileReference; lastKnownFileType = folder.assetcatalog; path = Assets.xcassets; sourceTree = "<group>"; };
		288742862AC8ACC700E780BF /* Preview Assets.xcassets */ = {isa = PBXFileReference; lastKnownFileType = folder.assetcatalog; path = "Preview Assets.xcassets"; sourceTree = "<group>"; };
		2887428C2AC8ACC700E780BF /* LWWElementSet_DemoTests.xctest */ = {isa = PBXFileReference; explicitFileType = wrapper.cfbundle; includeInIndex = 0; path = LWWElementSet_DemoTests.xctest; sourceTree = BUILT_PRODUCTS_DIR; };
		288742902AC8ACC700E780BF /* LWWElementSet_DemoTests.swift */ = {isa = PBXFileReference; lastKnownFileType = sourcecode.swift; path = LWWElementSet_DemoTests.swift; sourceTree = "<group>"; };
		288742A92AC8AD0B00E780BF /* LWWElementSet.swift */ = {isa = PBXFileReference; lastKnownFileType = sourcecode.swift; path = LWWElementSet.swift; sourceTree = "<group>"; };
		288742AB2AC8AD8D00E780BF /* Timestamp.swift */ = {isa = PBXFileReference; lastKnownFileType = sourcecode.swift; path = Timestamp.swift; sourceTree = "<group>"; };
/* End PBXFileReference section */

/* Begin PBXFrameworksBuildPhase section */
		288742792AC8ACC500E780BF /* Frameworks */ = {
			isa = PBXFrameworksBuildPhase;
			buildActionMask = 2147483647;
			files = (
			);
			runOnlyForDeploymentPostprocessing = 0;
		};
		288742892AC8ACC700E780BF /* Frameworks */ = {
			isa = PBXFrameworksBuildPhase;
			buildActionMask = 2147483647;
			files = (
			);
			runOnlyForDeploymentPostprocessing = 0;
		};
/* End PBXFrameworksBuildPhase section */

/* Begin PBXGroup section */
		288742732AC8ACC500E780BF = {
			isa = PBXGroup;
			children = (
				2887427E2AC8ACC500E780BF /* LWWElementSet_Demo */,
				2887428F2AC8ACC700E780BF /* LWWElementSet_DemoTests */,
				2887427D2AC8ACC500E780BF /* Products */,
			);
			sourceTree = "<group>";
		};
		2887427D2AC8ACC500E780BF /* Products */ = {
			isa = PBXGroup;
			children = (
				2887427C2AC8ACC500E780BF /* LWWElementSet_Demo.app */,
				2887428C2AC8ACC700E780BF /* LWWElementSet_DemoTests.xctest */,
			);
			name = Products;
			sourceTree = "<group>";
		};
		2887427E2AC8ACC500E780BF /* LWWElementSet_Demo */ = {
			isa = PBXGroup;
			children = (
				2887427F2AC8ACC500E780BF /* LWWElementSet_DemoApp.swift */,
				288742812AC8ACC500E780BF /* ContentView.swift */,
				288742832AC8ACC700E780BF /* Assets.xcassets */,
				288742852AC8ACC700E780BF /* Preview Content */,
				288742A92AC8AD0B00E780BF /* LWWElementSet.swift */,
				288742AB2AC8AD8D00E780BF /* Timestamp.swift */,
			);
			path = LWWElementSet_Demo;
			sourceTree = "<group>";
		};
		288742852AC8ACC700E780BF /* Preview Content */ = {
			isa = PBXGroup;
			children = (
				288742862AC8ACC700E780BF /* Preview Assets.xcassets */,
			);
			path = "Preview Content";
			sourceTree = "<group>";
		};
		2887428F2AC8ACC700E780BF /* LWWElementSet_DemoTests */ = {
			isa = PBXGroup;
			children = (
				288742902AC8ACC700E780BF /* LWWElementSet_DemoTests.swift */,
			);
			path = LWWElementSet_DemoTests;
			sourceTree = "<group>";
		};
/* End PBXGroup section */

/* Begin PBXNativeTarget section */
		2887427B2AC8ACC500E780BF /* LWWElementSet_Demo */ = {
			isa = PBXNativeTarget;
			buildConfigurationList = 288742A02AC8ACC700E780BF /* Build configuration list for PBXNativeTarget "LWWElementSet_Demo" */;
			buildPhases = (
				288742782AC8ACC500E780BF /* Sources */,
				288742792AC8ACC500E780BF /* Frameworks */,
				2887427A2AC8ACC500E780BF /* Resources */,
			);
			buildRules = (
			);
			dependencies = (
			);
			name = LWWElementSet_Demo;
			productName = LWWElementSet_Demo;
			productReference = 2887427C2AC8ACC500E780BF /* LWWElementSet_Demo.app */;
			productType = "com.apple.product-type.application";
		};
		2887428B2AC8ACC700E780BF /* LWWElementSet_DemoTests */ = {
			isa = PBXNativeTarget;
			buildConfigurationList = 288742A32AC8ACC700E780BF /* Build configuration list for PBXNativeTarget "LWWElementSet_DemoTests" */;
			buildPhases = (
				288742882AC8ACC700E780BF /* Sources */,
				288742892AC8ACC700E780BF /* Frameworks */,
				2887428A2AC8ACC700E780BF /* Resources */,
			);
			buildRules = (
			);
			dependencies = (
				2887428E2AC8ACC700E780BF /* PBXTargetDependency */,
			);
			name = LWWElementSet_DemoTests;
			productName = LWWElementSet_DemoTests;
			productReference = 2887428C2AC8ACC700E780BF /* LWWElementSet_DemoTests.xctest */;
			productType = "com.apple.product-type.bundle.unit-test";
		};
/* End PBXNativeTarget section */

/* Begin PBXProject section */
		288742742AC8ACC500E780BF /* Project object */ = {
			isa = PBXProject;
			attributes = {
				BuildIndependentTargetsInParallel = 1;
				LastSwiftUpdateCheck = 1430;
				LastUpgradeCheck = 1430;
				TargetAttributes = {
					2887427B2AC8ACC500E780BF = {
						CreatedOnToolsVersion = 14.3;
					};
					2887428B2AC8ACC700E780BF = {
						CreatedOnToolsVersion = 14.3;
						TestTargetID = 2887427B2AC8ACC500E780BF;
					};
				};
			};
			buildConfigurationList = 288742772AC8ACC500E780BF /* Build configuration list for PBXProject "LWWElementSet_Demo" */;
			compatibilityVersion = "Xcode 14.0";
			developmentRegion = en;
			hasScannedForEncodings = 0;
			knownRegions = (
				en,
				Base,
			);
			mainGroup = 288742732AC8ACC500E780BF;
			productRefGroup = 2887427D2AC8ACC500E780BF /* Products */;
			projectDirPath = "";
			projectRoot = "";
			targets = (
				2887427B2AC8ACC500E780BF /* LWWElementSet_Demo */,
				2887428B2AC8ACC700E780BF /* LWWElementSet_DemoTests */,
			);
		};
/* End PBXProject section */

/* Begin PBXResourcesBuildPhase section */
		2887427A2AC8ACC500E780BF /* Resources */ = {
			isa = PBXResourcesBuildPhase;
			buildActionMask = 2147483647;
			files = (
				288742872AC8ACC700E780BF /* Preview Assets.xcassets in Resources */,
				288742842AC8ACC700E780BF /* Assets.xcassets in Resources */,
			);
			runOnlyForDeploymentPostprocessing = 0;
		};
		2887428A2AC8ACC700E780BF /* Resources */ = {
			isa = PBXResourcesBuildPhase;
			buildActionMask = 2147483647;
			files = (
			);
			runOnlyForDeploymentPostprocessing = 0;
		};
/* End PBXResourcesBuildPhase section */

/* Begin PBXSourcesBuildPhase section */
		288742782AC8ACC500E780BF /* Sources */ = {
			isa = PBXSourcesBuildPhase;
			buildActionMask = 2147483647;
			files = (
				288742822AC8ACC500E780BF /* ContentView.swift in Sources */,
				288742802AC8ACC500E780BF /* LWWElementSet_DemoApp.swift in Sources */,
				288742AC2AC8AD8D00E780BF /* Timestamp.swift in Sources */,
				288742AA2AC8AD0B00E780BF /* LWWElementSet.swift in Sources */,
			);
			runOnlyForDeploymentPostprocessing = 0;
		};
		288742882AC8ACC700E780BF /* Sources */ = {
			isa = PBXSourcesBuildPhase;
			buildActionMask = 2147483647;
			files = (
				288742912AC8ACC700E780BF /* LWWElementSet_DemoTests.swift in Sources */,
			);
			runOnlyForDeploymentPostprocessing = 0;
		};
/* End PBXSourcesBuildPhase section */

/* Begin PBXTargetDependency section */
		2887428E2AC8ACC700E780BF /* PBXTargetDependency */ = {
			isa = PBXTargetDependency;
			target = 2887427B2AC8ACC500E780BF /* LWWElementSet_Demo */;
			targetProxy = 2887428D2AC8ACC700E780BF /* PBXContainerItemProxy */;
		};
/* End PBXTargetDependency section */

/* Begin XCBuildConfiguration section */
		2887429E2AC8ACC700E780BF /* Debug */ = {
			isa = XCBuildConfiguration;
			buildSettings = {
				ALWAYS_SEARCH_USER_PATHS = NO;
				CLANG_ANALYZER_NONNULL = YES;
				CLANG_ANALYZER_NUMBER_OBJECT_CONVERSION = YES_AGGRESSIVE;
				CLANG_CXX_LANGUAGE_STANDARD = "gnu++20";
				CLANG_ENABLE_MODULES = YES;
				CLANG_ENABLE_OBJC_ARC = YES;
				CLANG_ENABLE_OBJC_WEAK = YES;
				CLANG_WARN_BLOCK_CAPTURE_AUTORELEASING = YES;
				CLANG_WARN_BOOL_CONVERSION = YES;
				CLANG_WARN_COMMA = YES;
				CLANG_WARN_CONSTANT_CONVERSION = YES;
				CLANG_WARN_DEPRECATED_OBJC_IMPLEMENTATIONS = YES;
				CLANG_WARN_DIRECT_OBJC_ISA_USAGE = YES_ERROR;
				CLANG_WARN_DOCUMENTATION_COMMENTS = YES;
				CLANG_WARN_EMPTY_BODY = YES;
				CLANG_WARN_ENUM_CONVERSION = YES;
				CLANG_WARN_INFINITE_RECURSION = YES;
				CLANG_WARN_INT_CONVERSION = YES;
				CLANG_WARN_NON_LITERAL_NULL_CONVERSION = YES;
				CLANG_WARN_OBJC_IMPLICIT_RETAIN_SELF = YES;
				CLANG_WARN_OBJC_LITERAL_CONVERSION = YES;
				CLANG_WARN_OBJC_ROOT_CLASS = YES_ERROR;
				CLANG_WARN_QUOTED_INCLUDE_IN_FRAMEWORK_HEADER = YES;
				CLANG_WARN_RANGE_LOOP_ANALYSIS = YES;
				CLANG_WARN_STRICT_PROTOTYPES = YES;
				CLANG_WARN_SUSPICIOUS_MOVE = YES;
				CLANG_WARN_UNGUARDED_AVAILABILITY = YES_AGGRESSIVE;
				CLANG_WARN_UNREACHABLE_CODE = YES;
				CLANG_WARN__DUPLICATE_METHOD_MATCH = YES;
				COPY_PHASE_STRIP = NO;
				DEBUG_INFORMATION_FORMAT = dwarf;
				ENABLE_STRICT_OBJC_MSGSEND = YES;
				ENABLE_TESTABILITY = YES;
				GCC_C_LANGUAGE_STANDARD = gnu11;
				GCC_DYNAMIC_NO_PIC = NO;
				GCC_NO_COMMON_BLOCKS = YES;
				GCC_OPTIMIZATION_LEVEL = 0;
				GCC_PREPROCESSOR_DEFINITIONS = (
					"DEBUG=1",
					"$(inherited)",
				);
				GCC_WARN_64_TO_32_BIT_CONVERSION = YES;
				GCC_WARN_ABOUT_RETURN_TYPE = YES_ERROR;
				GCC_WARN_UNDECLARED_SELECTOR = YES;
				GCC_WARN_UNINITIALIZED_AUTOS = YES_AGGRESSIVE;
				GCC_WARN_UNUSED_FUNCTION = YES;
				GCC_WARN_UNUSED_VARIABLE = YES;
				IPHONEOS_DEPLOYMENT_TARGET = 16.4;
				MTL_ENABLE_DEBUG_INFO = INCLUDE_SOURCE;
				MTL_FAST_MATH = YES;
				ONLY_ACTIVE_ARCH = YES;
				SDKROOT = iphoneos;
				SWIFT_ACTIVE_COMPILATION_CONDITIONS = DEBUG;
				SWIFT_OPTIMIZATION_LEVEL = "-Onone";
			};
			name = Debug;
		};
		2887429F2AC8ACC700E780BF /* Release */ = {
			isa = XCBuildConfiguration;
			buildSettings = {
				ALWAYS_SEARCH_USER_PATHS = NO;
				CLANG_ANALYZER_NONNULL = YES;
				CLANG_ANALYZER_NUMBER_OBJECT_CONVERSION = YES_AGGRESSIVE;
				CLANG_CXX_LANGUAGE_STANDARD = "gnu++20";
				CLANG_ENABLE_MODULES = YES;
				CLANG_ENABLE_OBJC_ARC = YES;
				CLANG_ENABLE_OBJC_WEAK = YES;
				CLANG_WARN_BLOCK_CAPTURE_AUTORELEASING = YES;
				CLANG_WARN_BOOL_CONVERSION = YES;
				CLANG_WARN_COMMA = YES;
				CLANG_WARN_CONSTANT_CONVERSION = YES;
				CLANG_WARN_DEPRECATED_OBJC_IMPLEMENTATIONS = YES;
				CLANG_WARN_DIRECT_OBJC_ISA_USAGE = YES_ERROR;
				CLANG_WARN_DOCUMENTATION_COMMENTS = YES;
				CLANG_WARN_EMPTY_BODY = YES;
				CLANG_WARN_ENUM_CONVERSION = YES;
				CLANG_WARN_INFINITE_RECURSION = YES;
				CLANG_WARN_INT_CONVERSION = YES;
				CLANG_WARN_NON_LITERAL_NULL_CONVERSION = YES;
				CLANG_WARN_OBJC_IMPLICIT_RETAIN_SELF = YES;
				CLANG_WARN_OBJC_LITERAL_CONVERSION = YES;
				CLANG_WARN_OBJC_ROOT_CLASS = YES_ERROR;
				CLANG_WARN_QUOTED_INCLUDE_IN_FRAMEWORK_HEADER = YES;
				CLANG_WARN_RANGE_LOOP_ANALYSIS = YES;
				CLANG_WARN_STRICT_PROTOTYPES = YES;
				CLANG_WARN_SUSPICIOUS_MOVE = YES;
				CLANG_WARN_UNGUARDED_AVAILABILITY = YES_AGGRESSIVE;
				CLANG_WARN_UNREACHABLE_CODE = YES;
				CLANG_WARN__DUPLICATE_METHOD_MATCH = YES;
				COPY_PHASE_STRIP = NO;
				DEBUG_INFORMATION_FORMAT = "dwarf-with-dsym";
				ENABLE_NS_ASSERTIONS = NO;
				ENABLE_STRICT_OBJC_MSGSEND = YES;
				GCC_C_LANGUAGE_STANDARD = gnu11;
				GCC_NO_COMMON_BLOCKS = YES;
				GCC_WARN_64_TO_32_BIT_CONVERSION = YES;
				GCC_WARN_ABOUT_RETURN_TYPE = YES_ERROR;
				GCC_WARN_UNDECLARED_SELECTOR = YES;
				GCC_WARN_UNINITIALIZED_AUTOS = YES_AGGRESSIVE;
				GCC_WARN_UNUSED_FUNCTION = YES;
				GCC_WARN_UNUSED_VARIABLE = YES;
				IPHONEOS_DEPLOYMENT_TARGET = 16.4;
				MTL_ENABLE_DEBUG_INFO = NO;
				MTL_FAST_MATH = YES;
				SDKROOT = iphoneos;
				SWIFT_COMPILATION_MODE = wholemodule;
				SWIFT_OPTIMIZATION_LEVEL = "-O";
				VALIDATE_PRODUCT = YES;
			};
			name = Release;
		};
		288742A12AC8ACC700E780BF /* Debug */ = {
			isa = XCBuildConfiguration;
			buildSettings = {
				ASSETCATALOG_COMPILER_APPICON_NAME = AppIcon;
				ASSETCATALOG_COMPILER_GLOBAL_ACCENT_COLOR_NAME = AccentColor;
				CODE_SIGN_STYLE = Automatic;
				CURRENT_PROJECT_VERSION = 1;
				DEVELOPMENT_ASSET_PATHS = "\"LWWElementSet_Demo/Preview Content\"";
				DEVELOPMENT_TEAM = 4EVUT3M4J2;
				ENABLE_PREVIEWS = YES;
				GENERATE_INFOPLIST_FILE = YES;
				INFOPLIST_KEY_UIApplicationSceneManifest_Generation = YES;
				INFOPLIST_KEY_UIApplicationSupportsIndirectInputEvents = YES;
				INFOPLIST_KEY_UILaunchScreen_Generation = YES;
				INFOPLIST_KEY_UISupportedInterfaceOrientations_iPad = "UIInterfaceOrientationPortrait UIInterfaceOrientationPortraitUpsideDown UIInterfaceOrientationLandscapeLeft UIInterfaceOrientationLandscapeRight";
				INFOPLIST_KEY_UISupportedInterfaceOrientations_iPhone = "UIInterfaceOrientationPortrait UIInterfaceOrientationLandscapeLeft UIInterfaceOrientationLandscapeRight";
				LD_RUNPATH_SEARCH_PATHS = (
					"$(inherited)",
					"@executable_path/Frameworks",
				);
				MARKETING_VERSION = 1.0;
				PRODUCT_BUNDLE_IDENTIFIER = "com.amitsen.LWWElementSet-Demo";
				PRODUCT_NAME = "$(TARGET_NAME)";
				SWIFT_EMIT_LOC_STRINGS = YES;
				SWIFT_VERSION = 5.0;
				TARGETED_DEVICE_FAMILY = "1,2";
			};
			name = Debug;
		};
		288742A22AC8ACC700E780BF /* Release */ = {
			isa = XCBuildConfiguration;
			buildSettings = {
				ASSETCATALOG_COMPILER_APPICON_NAME = AppIcon;
				ASSETCATALOG_COMPILER_GLOBAL_ACCENT_COLOR_NAME = AccentColor;
				CODE_SIGN_STYLE = Automatic;
				CURRENT_PROJECT_VERSION = 1;
				DEVELOPMENT_ASSET_PATHS = "\"LWWElementSet_Demo/Preview Content\"";
				DEVELOPMENT_TEAM = 4EVUT3M4J2;
				ENABLE_PREVIEWS = YES;
				GENERATE_INFOPLIST_FILE = YES;
				INFOPLIST_KEY_UIApplicationSceneManifest_Generation = YES;
				INFOPLIST_KEY_UIApplicationSupportsIndirectInputEvents = YES;
				INFOPLIST_KEY_UILaunchScreen_Generation = YES;
				INFOPLIST_KEY_UISupportedInterfaceOrientations_iPad = "UIInterfaceOrientationPortrait UIInterfaceOrientationPortraitUpsideDown UIInterfaceOrientationLandscapeLeft UIInterfaceOrientationLandscapeRight";
				INFOPLIST_KEY_UISupportedInterfaceOrientations_iPhone = "UIInterfaceOrientationPortrait UIInterfaceOrientationLandscapeLeft UIInterfaceOrientationLandscapeRight";
				LD_RUNPATH_SEARCH_PATHS = (
					"$(inherited)",
					"@executable_path/Frameworks",
				);
				MARKETING_VERSION = 1.0;
				PRODUCT_BUNDLE_IDENTIFIER = "com.amitsen.LWWElementSet-Demo";
				PRODUCT_NAME = "$(TARGET_NAME)";
				SWIFT_EMIT_LOC_STRINGS = YES;
				SWIFT_VERSION = 5.0;
				TARGETED_DEVICE_FAMILY = "1,2";
			};
			name = Release;
		};
		288742A42AC8ACC700E780BF /* Debug */ = {
			isa = XCBuildConfiguration;
			buildSettings = {
				ALWAYS_EMBED_SWIFT_STANDARD_LIBRARIES = YES;
				BUNDLE_LOADER = "$(TEST_HOST)";
				CODE_SIGN_STYLE = Automatic;
				CURRENT_PROJECT_VERSION = 1;
				DEVELOPMENT_TEAM = 4EVUT3M4J2;
				GENERATE_INFOPLIST_FILE = YES;
				IPHONEOS_DEPLOYMENT_TARGET = 16.4;
				MARKETING_VERSION = 1.0;
				PRODUCT_BUNDLE_IDENTIFIER = "com.amitsen.LWWElementSet-DemoTests";
				PRODUCT_NAME = "$(TARGET_NAME)";
				SWIFT_EMIT_LOC_STRINGS = NO;
				SWIFT_VERSION = 5.0;
				TARGETED_DEVICE_FAMILY = "1,2";
				TEST_HOST = "$(BUILT_PRODUCTS_DIR)/LWWElementSet_Demo.app/$(BUNDLE_EXECUTABLE_FOLDER_PATH)/LWWElementSet_Demo";
			};
			name = Debug;
		};
		288742A52AC8ACC700E780BF /* Release */ = {
			isa = XCBuildConfiguration;
			buildSettings = {
				ALWAYS_EMBED_SWIFT_STANDARD_LIBRARIES = YES;
				BUNDLE_LOADER = "$(TEST_HOST)";
				CODE_SIGN_STYLE = Automatic;
				CURRENT_PROJECT_VERSION = 1;
				DEVELOPMENT_TEAM = 4EVUT3M4J2;
				GENERATE_INFOPLIST_FILE = YES;
				IPHONEOS_DEPLOYMENT_TARGET = 16.4;
				MARKETING_VERSION = 1.0;
				PRODUCT_BUNDLE_IDENTIFIER = "com.amitsen.LWWElementSet-DemoTests";
				PRODUCT_NAME = "$(TARGET_NAME)";
				SWIFT_EMIT_LOC_STRINGS = NO;
				SWIFT_VERSION = 5.0;
				TARGETED_DEVICE_FAMILY = "1,2";
				TEST_HOST = "$(BUILT_PRODUCTS_DIR)/LWWElementSet_Demo.app/$(BUNDLE_EXECUTABLE_FOLDER_PATH)/LWWElementSet_Demo";
			};
			name = Release;
		};
/* End XCBuildConfiguration section */

/* Begin XCConfigurationList section */
		288742772AC8ACC500E780BF /* Build configuration list for PBXProject "LWWElementSet_Demo" */ = {
			isa = XCConfigurationList;
			buildConfigurations = (
				2887429E2AC8ACC700E780BF /* Debug */,
				2887429F2AC8ACC700E780BF /* Release */,
			);
			defaultConfigurationIsVisible = 0;
			defaultConfigurationName = Release;
		};
		288742A02AC8ACC700E780BF /* Build configuration list for PBXNativeTarget "LWWElementSet_Demo" */ = {
			isa = XCConfigurationList;
			buildConfigurations = (
				288742A12AC8ACC700E780BF /* Debug */,
				288742A22AC8ACC700E780BF /* Release */,
			);
			defaultConfigurationIsVisible = 0;
			defaultConfigurationName = Release;
		};
		288742A32AC8ACC700E780BF /* Build configuration list for PBXNativeTarget "LWWElementSet_DemoTests" */ = {
			isa = XCConfigurationList;
			buildConfigurations = (
				288742A42AC8ACC700E780BF /* Debug */,
				288742A52AC8ACC700E780BF /* Release */,
			);
			defaultConfigurationIsVisible = 0;
			defaultConfigurationName = Release;
		};
/* End XCConfigurationList section */
	};
	rootObject = 288742742AC8ACC500E780BF /* Project object */;
}
